
Microsoft Visual Studio Solution File, Format Version 12.00
# Visual Studio Version 17
VisualStudioVersion = 17.12.35707.178
MinimumVisualStudioVersion = 10.0.40219.1
Project("{FAE04EC0-301F-11D3-BF4B-00C04F79EFBC}") = "WebApplicationMVC", "WebApplicationMVC.csproj", "{7A114860-C649-4DA8-A1ED-BA7F9A3DC09A}"
EndProject
Global
	GlobalSection(SolutionConfigurationPlatforms) = preSolution
		Debug|Any CPU = Debug|Any CPU
		Release|Any CPU = Release|Any CPU
	EndGlobalSection
	GlobalSection(ProjectConfigurationPlatforms) = postSolution
		{7A114860-C649-4DA8-A1ED-BA7F9A3DC09A}.Debug|Any CPU.ActiveCfg = Debug|Any CPU
		{7A114860-C649-4DA8-A1ED-BA7F9A3DC09A}.Debug|Any CPU.Build.0 = Debug|Any CPU
		{7A114860-C649-4DA8-A1ED-BA7F9A3DC09A}.Release|Any CPU.ActiveCfg = Release|Any CPU
		{7A114860-C649-4DA8-A1ED-BA7F9A3DC09A}.Release|Any CPU.Build.0 = Release|Any CPU
	EndGlobalSection
	GlobalSection(SolutionProperties) = preSolution
		HideSolutionNode = FALSE
	EndGlobalSection
	GlobalSection(ExtensibilityGlobals) = postSolution
		SolutionGuid = {8E2231F0-667C-42CF-9656-FD161E50BA6B}
	EndGlobalSection
EndGlobal
